{
  "name": "oxu.copy",
  "lockfileVersion": 3,
  "requires": true,
  "packages": {
    "": {
      "dependencies": {
        "imask": "^7.2.1"
      }
    },
    "node_modules/@babel/runtime-corejs3": {
      "version": "7.23.6",
      "resolved": "https://registry.npmjs.org/@babel/runtime-corejs3/-/runtime-corejs3-7.23.6.tgz",
      "integrity": "sha512-Djs/ZTAnpyj0nyg7p1J6oiE/tZ9G2stqAFlLGZynrW+F3k2w2jGK2mLOBxzYIOcZYA89+c3d3wXKpYLcpwcU6w==",
      "dependencies": {
        "core-js-pure": "^3.30.2",
        "regenerator-runtime": "^0.14.0"
      },
      "engines": {
        "node": ">=6.9.0"
      }
    },
    "node_modules/core-js-pure": {
      "version": "3.34.0",
      "resolved": "https://registry.npmjs.org/core-js-pure/-/core-js-pure-3.34.0.tgz",
      "integrity": "sha512-pmhivkYXkymswFfbXsANmBAewXx86UBfmagP+w0wkK06kLsLlTK5oQmsURPivzMkIBQiYq2cjamcZExIwlFQIg==",
      "hasInstallScript": true,
      "funding": {
        "type": "opencollective",
        "url": "https://opencollective.com/core-js"
      }
    },
    "node_modules/imask": {
      "version": "7.2.1",
      "resolved": "https://registry.npmjs.org/imask/-/imask-7.2.1.tgz",
      "integrity": "sha512-FQG2MajkTTfjjSb2JR4YVuu0+WvGtKUoe2WJbH9k7YxtijbJbhHM/Jzn0ySWgVr1ae07C9GsvQKAecuRUsTv/Q==",
      "dependencies": {
        "@babel/runtime-corejs3": "^7.23.6"
      },
      "engines": {
        "npm": ">=4.0.0"
      }
    },
    "node_modules/regenerator-runtime": {
      "version": "0.14.1",
      "resolved": "https://registry.npmjs.org/regenerator-runtime/-/regenerator-runtime-0.14.1.tgz",
      "integrity": "sha512-dYnhHh0nJoMfnkZs6GmmhFknAGRrLznOu5nc9ML+EJxGvrx6H7teuevqVqCuPcPK//3eDrrjQhehXVx9cnkGdw=="
    }
  }
}
